
Microsoft Visual Studio Solution File, Format Version 12.00
# Visual Studio Version 17
VisualStudioVersion = 17.5.33530.505
MinimumVisualStudioVersion = 10.0.40219.1
Project("{FAE04EC0-301F-11D3-BF4B-00C04F79EFBC}") = "WPF_WPF", "WPF_WPF.csproj", "{0DFA8427-A9AD-4134-B76E-763DD948FE82}"
EndProject
Global
	GlobalSection(SolutionConfigurationPlatforms) = preSolution
		Debug|Any CPU = Debug|Any CPU
		Release|Any CPU = Release|Any CPU
	EndGlobalSection
	GlobalSection(ProjectConfigurationPlatforms) = postSolution
		{0DFA8427-A9AD-4134-B76E-763DD948FE82}.Debug|Any CPU.ActiveCfg = Debug|Any CPU
		{0DFA8427-A9AD-4134-B76E-763DD948FE82}.Debug|Any CPU.Build.0 = Debug|Any CPU
		{0DFA8427-A9AD-4134-B76E-763DD948FE82}.Release|Any CPU.ActiveCfg = Release|Any CPU
		{0DFA8427-A9AD-4134-B76E-763DD948FE82}.Release|Any CPU.Build.0 = Release|Any CPU
	EndGlobalSection
	GlobalSection(SolutionProperties) = preSolution
		HideSolutionNode = FALSE
	EndGlobalSection
	GlobalSection(ExtensibilityGlobals) = postSolution
		SolutionGuid = {39C20F4D-DD41-4990-94D0-C663CBA77698}
	EndGlobalSection
EndGlobal
